
Microsoft Visual Studio Solution File, Format Version 12.00
# Visual Studio Version 17
VisualStudioVersion = 17.4.33213.308
MinimumVisualStudioVersion = 10.0.40219.1
Project("{54A90642-561A-4BB1-A94E-469ADEE60C69}") = "reactapi", "reactapi.esproj", "{E4CC3381-AB29-4E6C-943C-489777467CC0}"
	ProjectSection(ProjectDependencies) = postProject
		{EC45CE00-29D8-44E6-A4D5-11026E864B41} = {EC45CE00-29D8-44E6-A4D5-11026E864B41}
	EndProjectSection
EndProject
Project("{9A19103F-16F7-4668-BE54-9A1E7A4F7556}") = "RedChillerAPI", "..\RedChillerAPI\RedChillerAPI.csproj", "{EC45CE00-29D8-44E6-A4D5-11026E864B41}"
EndProject
Global
	GlobalSection(SolutionConfigurationPlatforms) = preSolution
		Debug|Any CPU = Debug|Any CPU
		Release|Any CPU = Release|Any CPU
	EndGlobalSection
	GlobalSection(ProjectConfigurationPlatforms) = postSolution
		{E4CC3381-AB29-4E6C-943C-489777467CC0}.Debug|Any CPU.ActiveCfg = Debug|Any CPU
		{E4CC3381-AB29-4E6C-943C-489777467CC0}.Debug|Any CPU.Build.0 = Debug|Any CPU
		{E4CC3381-AB29-4E6C-943C-489777467CC0}.Debug|Any CPU.Deploy.0 = Debug|Any CPU
		{E4CC3381-AB29-4E6C-943C-489777467CC0}.Release|Any CPU.ActiveCfg = Release|Any CPU
		{E4CC3381-AB29-4E6C-943C-489777467CC0}.Release|Any CPU.Build.0 = Release|Any CPU
		{E4CC3381-AB29-4E6C-943C-489777467CC0}.Release|Any CPU.Deploy.0 = Release|Any CPU
		{EC45CE00-29D8-44E6-A4D5-11026E864B41}.Debug|Any CPU.ActiveCfg = Debug|Any CPU
		{EC45CE00-29D8-44E6-A4D5-11026E864B41}.Debug|Any CPU.Build.0 = Debug|Any CPU
		{EC45CE00-29D8-44E6-A4D5-11026E864B41}.Release|Any CPU.ActiveCfg = Release|Any CPU
		{EC45CE00-29D8-44E6-A4D5-11026E864B41}.Release|Any CPU.Build.0 = Release|Any CPU
	EndGlobalSection
	GlobalSection(SolutionProperties) = preSolution
		HideSolutionNode = FALSE
	EndGlobalSection
	GlobalSection(ExtensibilityGlobals) = postSolution
		SolutionGuid = {5EA2D42E-ADC0-4370-9951-A09830211A0B}
	EndGlobalSection
EndGlobal
